<?xml version="1.0" encoding="utf-8"?>
<Project ToolsVersion="4.0" xmlns="http://schemas.microsoft.com/developer/msbuild/2003">
  <ItemGroup>
    <Filter Include="Source Files">
      <UniqueIdentifier>{4FC737F1-C7A5-4376-A066-2A32D752A2FF}</UniqueIdentifier>
      <Extensions>cpp;c;cc;cxx;def;odl;idl;hpj;bat;asm;asmx</Extensions>
    </Filter>
    <Filter Include="Header Files">
      <UniqueIdentifier>{93995380-89BD-4b04-88EB-625FBE52EBFB}</UniqueIdentifier>
      <Extensions>h;hh;hpp;hxx;hm;inl;inc;ipp;xsd</Extensions>
    </Filter>
    <Filter Include="Resource Files">
      <UniqueIdentifier>{67DA6AB6-F800-4c08-8B7A-83BB121AAD01}</UniqueIdentifier>
      <Extensions>rc;ico;cur;bmp;dlg;rc2;rct;bin;rgs;gif;jpg;jpeg;jpe;resx;tiff;tif;png;wav;mfcribbon-ms</Extensions>
    </Filter>
    <Filter Include="Resource Files\teksta_faili">
      <UniqueIdentifier>{0f052aab-cd4a-4c1a-8752-72ee6e8de306}</UniqueIdentifier>
    </Filter>
  </ItemGroup>
  <ItemGroup>
    <ClInclude Include="json.hpp">
      <Filter>Header Files</Filter>
    </ClInclude>
    <ClInclude Include="UserAdmin.h">
      <Filter>Header Files</Filter>
    </ClInclude>
    <ClInclude Include="login_reg.h">
      <Filter>Header Files</Filter>
    </ClInclude>
    <ClInclude Include="admin_funkcijas.h">
      <Filter>Header Files</Filter>
    </ClInclude>
    <ClInclude Include="user_funkcijas.h">
      <Filter>Header Files</Filter>
    </ClInclude>
  </ItemGroup>
  <ItemGroup>
    <ClCompile Include="Source.cpp">
      <Filter>Source Files</Filter>
    </ClCompile>
    <ClCompile Include="User_panel.cpp">
      <Filter>Source Files</Filter>
    </ClCompile>
    <ClCompile Include="Admin_panel.cpp">
      <Filter>Source Files</Filter>
    </ClCompile>
    <ClCompile Include="login_reg.cpp">
      <Filter>Resource Files</Filter>
    </ClCompile>
    <ClCompile Include="admin_funkcijas.cpp">
      <Filter>Resource Files</Filter>
    </ClCompile>
    <ClCompile Include="user_funkcijas.cpp">
      <Filter>Resource Files</Filter>
    </ClCompile>
  </ItemGroup>
  <ItemGroup>
    <None Include="dati.json">
      <Filter>Resource Files\teksta_faili</Filter>
    </None>
    <None Include="lidostas.json">
      <Filter>Resource Files\teksta_faili</Filter>
    </None>
    <None Include="lidmasinas.json">
      <Filter>Resource Files\teksta_faili</Filter>
    </None>
    <None Include="reisi.json">
      <Filter>Resource Files\teksta_faili</Filter>
    </None>
  </ItemGroup>
  <ItemGroup>
    <Text Include="..\..\..\..\..\Desktop\interface_plans.txt">
      <Filter>Resource Files\teksta_faili</Filter>
    </Text>
  </ItemGroup>
</Project>